// !$*UTF8*$!
{
	archiveVersion = 1;
	classes = {
	};
	objectVersion = 46;
	objects = {

/* Begin PBXBuildFile section */
		BDDE0EDA1BE17DAF00E917D5 /* main.m in Sources */ = {isa = PBXBuildFile; fileRef = BDDE0ED91BE17DAF00E917D5 /* main.m */; };
		BDDE0EE11BE17E3F00E917D5 /* Carbon.framework in Frameworks */ = {isa = PBXBuildFile; fileRef = BDDE0EE01BE17E3F00E917D5 /* Carbon.framework */; };
		BDDE0EE31BE17E4400E917D5 /* QuickTime.framework in Frameworks */ = {isa = PBXBuildFile; fileRef = BDDE0EE21BE17E4400E917D5 /* QuickTime.framework */; };
/* End PBXBuildFile section */

/* Begin PBXCopyFilesBuildPhase section */
		BDDE0ED41BE17DAF00E917D5 /* CopyFiles */ = {
			isa = PBXCopyFilesBuildPhase;
			buildActionMask = 2147483647;
			dstPath = /usr/share/man/man1/;
			dstSubfolderSpec = 0;
			files = (
			);
			runOnlyForDeploymentPostprocessing = 1;
		};
/* End PBXCopyFilesBuildPhase section */

/* Begin PBXFileReference section */
		BDDE0ED61BE17DAF00E917D5 /* qtascii */ = {isa = PBXFileReference; explicitFileType = "compiled.mach-o.executable"; includeInIndex = 0; path = qtascii; sourceTree = BUILT_PRODUCTS_DIR; };
		BDDE0ED91BE17DAF00E917D5 /* main.m */ = {isa = PBXFileReference; lastKnownFileType = sourcecode.c.objc; path = main.m; sourceTree = "<group>"; };
		BDDE0EE01BE17E3F00E917D5 /* Carbon.framework */ = {isa = PBXFileReference; lastKnownFileType = wrapper.framework; name = Carbon.framework; path = System/Library/Frameworks/Carbon.framework; sourceTree = SDKROOT; };
		BDDE0EE21BE17E4400E917D5 /* QuickTime.framework */ = {isa = PBXFileReference; lastKnownFileType = wrapper.framework; name = QuickTime.framework; path = System/Library/Frameworks/QuickTime.framework; sourceTree = SDKROOT; };
/* End PBXFileReference section */

/* Begin PBXFrameworksBuildPhase section */
		BDDE0ED31BE17DAF00E917D5 /* Frameworks */ = {
			isa = PBXFrameworksBuildPhase;
			buildActionMask = 2147483647;
			files = (
				BDDE0EE31BE17E4400E917D5 /* QuickTime.framework in Frameworks */,
				BDDE0EE11BE17E3F00E917D5 /* Carbon.framework in Frameworks */,
			);
			runOnlyForDeploymentPostprocessing = 0;
		};
/* End PBXFrameworksBuildPhase section */

/* Begin PBXGroup section */
		BDDE0ECD1BE17DAF00E917D5 = {
			isa = PBXGroup;
			children = (
				BDDE0EE21BE17E4400E917D5 /* QuickTime.framework */,
				BDDE0EE01BE17E3F00E917D5 /* Carbon.framework */,
				BDDE0ED81BE17DAF00E917D5 /* qtascii */,
				BDDE0ED71BE17DAF00E917D5 /* Products */,
			);
			sourceTree = "<group>";
		};
		BDDE0ED71BE17DAF00E917D5 /* Products */ = {
			isa = PBXGroup;
			children = (
				BDDE0ED61BE17DAF00E917D5 /* qtascii */,
			);
			name = Products;
			sourceTree = "<group>";
		};
		BDDE0ED81BE17DAF00E917D5 /* qtascii */ = {
			isa = PBXGroup;
			children = (
				BDDE0ED91BE17DAF00E917D5 /* main.m */,
			);
			path = qtascii;
			sourceTree = "<group>";
		};
/* End PBXGroup section */

/* Begin PBXNativeTarget section */
		BDDE0ED51BE17DAF00E917D5 /* qtascii */ = {
			isa = PBXNativeTarget;
			buildConfigurationList = BDDE0EDD1BE17DAF00E917D5 /* Build configuration list for PBXNativeTarget "qtascii" */;
			buildPhases = (
				BDDE0ED21BE17DAF00E917D5 /* Sources */,
				BDDE0ED31BE17DAF00E917D5 /* Frameworks */,
				BDDE0ED41BE17DAF00E917D5 /* CopyFiles */,
			);
			buildRules = (
			);
			dependencies = (
			);
			name = qtascii;
			productName = qtascii;
			productReference = BDDE0ED61BE17DAF00E917D5 /* qtascii */;
			productType = "com.apple.product-type.tool";
		};
/* End PBXNativeTarget section */

/* Begin PBXProject section */
		BDDE0ECE1BE17DAF00E917D5 /* Project object */ = {
			isa = PBXProject;
			attributes = {
				LastUpgradeCheck = 0710;
				ORGANIZATIONNAME = nito;
				TargetAttributes = {
					BDDE0ED51BE17DAF00E917D5 = {
						CreatedOnToolsVersion = 7.1;
					};
				};
			};
			buildConfigurationList = BDDE0ED11BE17DAF00E917D5 /* Build configuration list for PBXProject "qtascii" */;
			compatibilityVersion = "Xcode 3.2";
			developmentRegion = English;
			hasScannedForEncodings = 0;
			knownRegions = (
				en,
			);
			mainGroup = BDDE0ECD1BE17DAF00E917D5;
			productRefGroup = BDDE0ED71BE17DAF00E917D5 /* Products */;
			projectDirPath = "";
			projectRoot = "";
			targets = (
				BDDE0ED51BE17DAF00E917D5 /* qtascii */,
			);
		};
/* End PBXProject section */

/* Begin PBXSourcesBuildPhase section */
		BDDE0ED21BE17DAF00E917D5 /* Sources */ = {
			isa = PBXSourcesBuildPhase;
			buildActionMask = 2147483647;
			files = (
				BDDE0EDA1BE17DAF00E917D5 /* main.m in Sources */,
			);
			runOnlyForDeploymentPostprocessing = 0;
		};
/* End PBXSourcesBuildPhase section */

/* Begin XCBuildConfiguration section */
		BDDE0EDB1BE17DAF00E917D5 /* Debug */ = {
			isa = XCBuildConfiguration;
			buildSettings = {
				ALWAYS_SEARCH_USER_PATHS = NO;
				CLANG_CXX_LANGUAGE_STANDARD = "gnu++0x";
				CLANG_CXX_LIBRARY = "libc++";
				CLANG_ENABLE_MODULES = YES;
				CLANG_ENABLE_OBJC_ARC = YES;
				CLANG_WARN_BOOL_CONVERSION = YES;
				CLANG_WARN_CONSTANT_CONVERSION = YES;
				CLANG_WARN_DIRECT_OBJC_ISA_USAGE = YES_ERROR;
				CLANG_WARN_EMPTY_BODY = YES;
				CLANG_WARN_ENUM_CONVERSION = YES;
				CLANG_WARN_INT_CONVERSION = YES;
				CLANG_WARN_OBJC_ROOT_CLASS = YES_ERROR;
				CLANG_WARN_UNREACHABLE_CODE = YES;
				CLANG_WARN__DUPLICATE_METHOD_MATCH = YES;
				CODE_SIGN_IDENTITY = "-";
				COPY_PHASE_STRIP = NO;
				DEBUG_INFORMATION_FORMAT = dwarf;
				ENABLE_STRICT_OBJC_MSGSEND = YES;
				ENABLE_TESTABILITY = YES;
				GCC_C_LANGUAGE_STANDARD = gnu99;
				GCC_DYNAMIC_NO_PIC = NO;
				GCC_NO_COMMON_BLOCKS = YES;
				GCC_OPTIMIZATION_LEVEL = 0;
				GCC_PREPROCESSOR_DEFINITIONS = (
					"DEBUG=1",
					"$(inherited)",
				);
				GCC_WARN_64_TO_32_BIT_CONVERSION = YES;
				GCC_WARN_ABOUT_RETURN_TYPE = YES_ERROR;
				GCC_WARN_UNDECLARED_SELECTOR = YES;
				GCC_WARN_UNINITIALIZED_AUTOS = YES_AGGRESSIVE;
				GCC_WARN_UNUSED_FUNCTION = YES;
				GCC_WARN_UNUSED_VARIABLE = YES;
				MACOSX_DEPLOYMENT_TARGET = 10.11;
				MTL_ENABLE_DEBUG_INFO = YES;
				ONLY_ACTIVE_ARCH = YES;
				SDKROOT = macosx;
			};
			name = Debug;
		};
		BDDE0EDC1BE17DAF00E917D5 /* Release */ = {
			isa = XCBuildConfiguration;
			buildSettings = {
				ALWAYS_SEARCH_USER_PATHS = NO;
				CLANG_CXX_LANGUAGE_STANDARD = "gnu++0x";
				CLANG_CXX_LIBRARY = "libc++";
				CLANG_ENABLE_MODULES = YES;
				CLANG_ENABLE_OBJC_ARC = YES;
				CLANG_WARN_BOOL_CONVERSION = YES;
				CLANG_WARN_CONSTANT_CONVERSION = YES;
				CLANG_WARN_DIRECT_OBJC_ISA_USAGE = YES_ERROR;
				CLANG_WARN_EMPTY_BODY = YES;
				CLANG_WARN_ENUM_CONVERSION = YES;
				CLANG_WARN_INT_CONVERSION = YES;
				CLANG_WARN_OBJC_ROOT_CLASS = YES_ERROR;
				CLANG_WARN_UNREACHABLE_CODE = YES;
				CLANG_WARN__DUPLICATE_METHOD_MATCH = YES;
				CODE_SIGN_IDENTITY = "-";
				COPY_PHASE_STRIP = NO;
				DEBUG_INFORMATION_FORMAT = "dwarf-with-dsym";
				ENABLE_NS_ASSERTIONS = NO;
				ENABLE_STRICT_OBJC_MSGSEND = YES;
				GCC_C_LANGUAGE_STANDARD = gnu99;
				GCC_NO_COMMON_BLOCKS = YES;
				GCC_WARN_64_TO_32_BIT_CONVERSION = YES;
				GCC_WARN_ABOUT_RETURN_TYPE = YES_ERROR;
				GCC_WARN_UNDECLARED_SELECTOR = YES;
				GCC_WARN_UNINITIALIZED_AUTOS = YES_AGGRESSIVE;
				GCC_WARN_UNUSED_FUNCTION = YES;
				GCC_WARN_UNUSED_VARIABLE = YES;
				MACOSX_DEPLOYMENT_TARGET = 10.11;
				MTL_ENABLE_DEBUG_INFO = NO;
				SDKROOT = macosx;
			};
			name = Release;
		};
		BDDE0EDE1BE17DAF00E917D5 /* Debug */ = {
			isa = XCBuildConfiguration;
			buildSettings = {
				ARCHS = "$(ARCHS_STANDARD_32_BIT)";
				CLANG_ENABLE_MODULES = NO;
				CLANG_ENABLE_OBJC_ARC = NO;
				ONLY_ACTIVE_ARCH = NO;
				PRODUCT_NAME = "$(TARGET_NAME)";
				VALID_ARCHS = i386;
			};
			name = Debug;
		};
		BDDE0EDF1BE17DAF00E917D5 /* Release */ = {
			isa = XCBuildConfiguration;
			buildSettings = {
				ARCHS = "$(ARCHS_STANDARD_32_BIT)";
				CLANG_ENABLE_MODULES = NO;
				CLANG_ENABLE_OBJC_ARC = NO;
				PRODUCT_NAME = "$(TARGET_NAME)";
				VALID_ARCHS = i386;
			};
			name = Release;
		};
/* End XCBuildConfiguration section */

/* Begin XCConfigurationList section */
		BDDE0ED11BE17DAF00E917D5 /* Build configuration list for PBXProject "qtascii" */ = {
			isa = XCConfigurationList;
			buildConfigurations = (
				BDDE0EDB1BE17DAF00E917D5 /* Debug */,
				BDDE0EDC1BE17DAF00E917D5 /* Release */,
			);
			defaultConfigurationIsVisible = 0;
			defaultConfigurationName = Release;
		};
		BDDE0EDD1BE17DAF00E917D5 /* Build configuration list for PBXNativeTarget "qtascii" */ = {
			isa = XCConfigurationList;
			buildConfigurations = (
				BDDE0EDE1BE17DAF00E917D5 /* Debug */,
				BDDE0EDF1BE17DAF00E917D5 /* Release */,
			);
			defaultConfigurationIsVisible = 0;
		};
/* End XCConfigurationList section */
	};
	rootObject = BDDE0ECE1BE17DAF00E917D5 /* Project object */;
}
